
Microsoft Visual Studio Solution File, Format Version 12.00
# Visual Studio 15
VisualStudioVersion = 15.0.27130.2024
MinimumVisualStudioVersion = 10.0.40219.1
Project("{FAE04EC0-301F-11D3-BF4B-00C04F79EFBC}") = "assignment8", "assignment8\assignment8.csproj", "{87ACA0D2-209A-44EC-85EA-E909FECF2318}"
EndProject
Global
	GlobalSection(SolutionConfigurationPlatforms) = preSolution
		Debug|Any CPU = Debug|Any CPU
		Release|Any CPU = Release|Any CPU
	EndGlobalSection
	GlobalSection(ProjectConfigurationPlatforms) = postSolution
		{87ACA0D2-209A-44EC-85EA-E909FECF2318}.Debug|Any CPU.ActiveCfg = Debug|Any CPU
		{87ACA0D2-209A-44EC-85EA-E909FECF2318}.Debug|Any CPU.Build.0 = Debug|Any CPU
		{87ACA0D2-209A-44EC-85EA-E909FECF2318}.Release|Any CPU.ActiveCfg = Release|Any CPU
		{87ACA0D2-209A-44EC-85EA-E909FECF2318}.Release|Any CPU.Build.0 = Release|Any CPU
	EndGlobalSection
	GlobalSection(SolutionProperties) = preSolution
		HideSolutionNode = FALSE
	EndGlobalSection
	GlobalSection(ExtensibilityGlobals) = postSolution
		SolutionGuid = {FFE52273-E1EC-422D-93ED-DA086660FA25}
	EndGlobalSection
EndGlobal
